
Microsoft Visual Studio Solution File, Format Version 12.00
# Visual Studio Version 17
VisualStudioVersion = 17.5.33627.172
MinimumVisualStudioVersion = 10.0.40219.1
Project("{FAE04EC0-301F-11D3-BF4B-00C04F79EFBC}") = "Mensajero", "Mensajero\Mensajero.csproj", "{5CD53302-C1E3-4353-9B16-ADA51DD06402}"
EndProject
Project("{FAE04EC0-301F-11D3-BF4B-00C04F79EFBC}") = "MensajeModel", "MensajeModel\MensajeModel.csproj", "{5C7BA9D9-1869-4C46-BB0D-5AF191BEE482}"
EndProject
Project("{FAE04EC0-301F-11D3-BF4B-00C04F79EFBC}") = "ServidorSocketUtil", "ServidorSocketUtil\ServidorSocketUtil.csproj", "{4AA9CCDD-3D23-4CCF-A2E5-D09E3E583EFB}"
EndProject
Global
	GlobalSection(SolutionConfigurationPlatforms) = preSolution
		Debug|Any CPU = Debug|Any CPU
		Release|Any CPU = Release|Any CPU
	EndGlobalSection
	GlobalSection(ProjectConfigurationPlatforms) = postSolution
		{5CD53302-C1E3-4353-9B16-ADA51DD06402}.Debug|Any CPU.ActiveCfg = Debug|Any CPU
		{5CD53302-C1E3-4353-9B16-ADA51DD06402}.Debug|Any CPU.Build.0 = Debug|Any CPU
		{5CD53302-C1E3-4353-9B16-ADA51DD06402}.Release|Any CPU.ActiveCfg = Release|Any CPU
		{5CD53302-C1E3-4353-9B16-ADA51DD06402}.Release|Any CPU.Build.0 = Release|Any CPU
		{5C7BA9D9-1869-4C46-BB0D-5AF191BEE482}.Debug|Any CPU.ActiveCfg = Debug|Any CPU
		{5C7BA9D9-1869-4C46-BB0D-5AF191BEE482}.Debug|Any CPU.Build.0 = Debug|Any CPU
		{5C7BA9D9-1869-4C46-BB0D-5AF191BEE482}.Release|Any CPU.ActiveCfg = Release|Any CPU
		{5C7BA9D9-1869-4C46-BB0D-5AF191BEE482}.Release|Any CPU.Build.0 = Release|Any CPU
		{4AA9CCDD-3D23-4CCF-A2E5-D09E3E583EFB}.Debug|Any CPU.ActiveCfg = Debug|Any CPU
		{4AA9CCDD-3D23-4CCF-A2E5-D09E3E583EFB}.Debug|Any CPU.Build.0 = Debug|Any CPU
		{4AA9CCDD-3D23-4CCF-A2E5-D09E3E583EFB}.Release|Any CPU.ActiveCfg = Release|Any CPU
		{4AA9CCDD-3D23-4CCF-A2E5-D09E3E583EFB}.Release|Any CPU.Build.0 = Release|Any CPU
	EndGlobalSection
	GlobalSection(SolutionProperties) = preSolution
		HideSolutionNode = FALSE
	EndGlobalSection
	GlobalSection(ExtensibilityGlobals) = postSolution
		SolutionGuid = {A32E797E-0269-4D55-B8CF-4BBBD34360F2}
	EndGlobalSection
EndGlobal
