
Microsoft Visual Studio Solution File, Format Version 12.00
# Visual Studio Version 17
VisualStudioVersion = 17.5.33627.172
MinimumVisualStudioVersion = 10.0.40219.1
Project("{FAE04EC0-301F-11D3-BF4B-00C04F79EFBC}") = "HOLAMUNDOASP", "HOLAMUNDOASP\HOLAMUNDOASP.csproj", "{ED7A3515-0E28-42DA-A5AC-62F0D28C6EA0}"
EndProject
Global
	GlobalSection(SolutionConfigurationPlatforms) = preSolution
		Debug|Any CPU = Debug|Any CPU
		Release|Any CPU = Release|Any CPU
	EndGlobalSection
	GlobalSection(ProjectConfigurationPlatforms) = postSolution
		{ED7A3515-0E28-42DA-A5AC-62F0D28C6EA0}.Debug|Any CPU.ActiveCfg = Debug|Any CPU
		{ED7A3515-0E28-42DA-A5AC-62F0D28C6EA0}.Debug|Any CPU.Build.0 = Debug|Any CPU
		{ED7A3515-0E28-42DA-A5AC-62F0D28C6EA0}.Release|Any CPU.ActiveCfg = Release|Any CPU
		{ED7A3515-0E28-42DA-A5AC-62F0D28C6EA0}.Release|Any CPU.Build.0 = Release|Any CPU
	EndGlobalSection
	GlobalSection(SolutionProperties) = preSolution
		HideSolutionNode = FALSE
	EndGlobalSection
	GlobalSection(ExtensibilityGlobals) = postSolution
		SolutionGuid = {B2125A9E-6619-4EBA-A102-1B9491018AD7}
	EndGlobalSection
EndGlobal
