
Microsoft Visual Studio Solution File, Format Version 12.00
# Visual Studio Version 17
VisualStudioVersion = 17.5.33502.453
MinimumVisualStudioVersion = 10.0.40219.1
Project("{FAE04EC0-301F-11D3-BF4B-00C04F79EFBC}") = "Proyecto2", "Proyecto2\Proyecto2.csproj", "{737DB43D-0670-4431-9C48-7D0C7E15B6AE}"
EndProject
Global
	GlobalSection(SolutionConfigurationPlatforms) = preSolution
		Debug|Any CPU = Debug|Any CPU
		Release|Any CPU = Release|Any CPU
	EndGlobalSection
	GlobalSection(ProjectConfigurationPlatforms) = postSolution
		{737DB43D-0670-4431-9C48-7D0C7E15B6AE}.Debug|Any CPU.ActiveCfg = Debug|Any CPU
		{737DB43D-0670-4431-9C48-7D0C7E15B6AE}.Debug|Any CPU.Build.0 = Debug|Any CPU
		{737DB43D-0670-4431-9C48-7D0C7E15B6AE}.Release|Any CPU.ActiveCfg = Release|Any CPU
		{737DB43D-0670-4431-9C48-7D0C7E15B6AE}.Release|Any CPU.Build.0 = Release|Any CPU
	EndGlobalSection
	GlobalSection(SolutionProperties) = preSolution
		HideSolutionNode = FALSE
	EndGlobalSection
	GlobalSection(ExtensibilityGlobals) = postSolution
		SolutionGuid = {D2FB63B4-A3A3-4671-85E0-750D49019821}
	EndGlobalSection
EndGlobal
